
Microsoft Visual Studio Solution File, Format Version 11.00
# Visual Studio 2010
Project("{FAE04EC0-301F-11D3-BF4B-00C04F79EFBC}") = "MYORM", "MYORM\MYORM.csproj", "{5F755EB8-4E0A-4E0C-86D7-6831E8B0A3AA}"
EndProject
Project("{2150E333-8FDC-42A3-9474-1A3956D46DE8}") = "Solution Items", "Solution Items", "{DA81B27A-1431-4055-8D97-9DC7E02B4F97}"
	ProjectSection(SolutionItems) = preProject
		说明.txt = 说明.txt
	EndProjectSection
EndProject
Project("{FAE04EC0-301F-11D3-BF4B-00C04F79EFBC}") = "Data", "Data\Data.csproj", "{635D2502-EFE6-4DCB-B09B-152E9B711EA0}"
EndProject
Project("{FAE04EC0-301F-11D3-BF4B-00C04F79EFBC}") = "Business", "Business\Business.csproj", "{8A1C2185-5042-402A-9BA4-9D04F209DAB0}"
EndProject
Project("{FAE04EC0-301F-11D3-BF4B-00C04F79EFBC}") = "UI", "UI\UI.csproj", "{31A5CD69-5CAB-406A-9C95-5A22B0787DF9}"
EndProject
Project("{FAE04EC0-301F-11D3-BF4B-00C04F79EFBC}") = "MYLog", "MYLog\MYLog.csproj", "{6A59F3B8-E4CE-4F28-A4E5-E9A764F48672}"
EndProject
Project("{FAE04EC0-301F-11D3-BF4B-00C04F79EFBC}") = "Util", "Util\Util.csproj", "{981757BE-8D06-49FB-A5D1-6056D70BA9A6}"
EndProject
Project("{FAE04EC0-301F-11D3-BF4B-00C04F79EFBC}") = "MYIoc", "MYIoc\MYIoc.csproj", "{0A4C84ED-E1B9-4912-96A2-EE48B14C2E41}"
EndProject
Global
	GlobalSection(SolutionConfigurationPlatforms) = preSolution
		Debug|Any CPU = Debug|Any CPU
		Debug|Mixed Platforms = Debug|Mixed Platforms
		Debug|x86 = Debug|x86
		Release|Any CPU = Release|Any CPU
		Release|Mixed Platforms = Release|Mixed Platforms
		Release|x86 = Release|x86
	EndGlobalSection
	GlobalSection(ProjectConfigurationPlatforms) = postSolution
		{5F755EB8-4E0A-4E0C-86D7-6831E8B0A3AA}.Debug|Any CPU.ActiveCfg = Debug|Any CPU
		{5F755EB8-4E0A-4E0C-86D7-6831E8B0A3AA}.Debug|Any CPU.Build.0 = Debug|Any CPU
		{5F755EB8-4E0A-4E0C-86D7-6831E8B0A3AA}.Debug|Mixed Platforms.ActiveCfg = Debug|Any CPU
		{5F755EB8-4E0A-4E0C-86D7-6831E8B0A3AA}.Debug|Mixed Platforms.Build.0 = Debug|Any CPU
		{5F755EB8-4E0A-4E0C-86D7-6831E8B0A3AA}.Debug|x86.ActiveCfg = Debug|Any CPU
		{5F755EB8-4E0A-4E0C-86D7-6831E8B0A3AA}.Release|Any CPU.ActiveCfg = Release|Any CPU
		{5F755EB8-4E0A-4E0C-86D7-6831E8B0A3AA}.Release|Any CPU.Build.0 = Release|Any CPU
		{5F755EB8-4E0A-4E0C-86D7-6831E8B0A3AA}.Release|Mixed Platforms.ActiveCfg = Release|Any CPU
		{5F755EB8-4E0A-4E0C-86D7-6831E8B0A3AA}.Release|Mixed Platforms.Build.0 = Release|Any CPU
		{5F755EB8-4E0A-4E0C-86D7-6831E8B0A3AA}.Release|x86.ActiveCfg = Release|Any CPU
		{635D2502-EFE6-4DCB-B09B-152E9B711EA0}.Debug|Any CPU.ActiveCfg = Debug|Any CPU
		{635D2502-EFE6-4DCB-B09B-152E9B711EA0}.Debug|Any CPU.Build.0 = Debug|Any CPU
		{635D2502-EFE6-4DCB-B09B-152E9B711EA0}.Debug|Mixed Platforms.ActiveCfg = Debug|Any CPU
		{635D2502-EFE6-4DCB-B09B-152E9B711EA0}.Debug|Mixed Platforms.Build.0 = Debug|Any CPU
		{635D2502-EFE6-4DCB-B09B-152E9B711EA0}.Debug|x86.ActiveCfg = Debug|Any CPU
		{635D2502-EFE6-4DCB-B09B-152E9B711EA0}.Release|Any CPU.ActiveCfg = Release|Any CPU
		{635D2502-EFE6-4DCB-B09B-152E9B711EA0}.Release|Any CPU.Build.0 = Release|Any CPU
		{635D2502-EFE6-4DCB-B09B-152E9B711EA0}.Release|Mixed Platforms.ActiveCfg = Release|Any CPU
		{635D2502-EFE6-4DCB-B09B-152E9B711EA0}.Release|Mixed Platforms.Build.0 = Release|Any CPU
		{635D2502-EFE6-4DCB-B09B-152E9B711EA0}.Release|x86.ActiveCfg = Release|Any CPU
		{8A1C2185-5042-402A-9BA4-9D04F209DAB0}.Debug|Any CPU.ActiveCfg = Debug|Any CPU
		{8A1C2185-5042-402A-9BA4-9D04F209DAB0}.Debug|Any CPU.Build.0 = Debug|Any CPU
		{8A1C2185-5042-402A-9BA4-9D04F209DAB0}.Debug|Mixed Platforms.ActiveCfg = Debug|Any CPU
		{8A1C2185-5042-402A-9BA4-9D04F209DAB0}.Debug|Mixed Platforms.Build.0 = Debug|Any CPU
		{8A1C2185-5042-402A-9BA4-9D04F209DAB0}.Debug|x86.ActiveCfg = Debug|Any CPU
		{8A1C2185-5042-402A-9BA4-9D04F209DAB0}.Release|Any CPU.ActiveCfg = Release|Any CPU
		{8A1C2185-5042-402A-9BA4-9D04F209DAB0}.Release|Any CPU.Build.0 = Release|Any CPU
		{8A1C2185-5042-402A-9BA4-9D04F209DAB0}.Release|Mixed Platforms.ActiveCfg = Release|Any CPU
		{8A1C2185-5042-402A-9BA4-9D04F209DAB0}.Release|Mixed Platforms.Build.0 = Release|Any CPU
		{8A1C2185-5042-402A-9BA4-9D04F209DAB0}.Release|x86.ActiveCfg = Release|Any CPU
		{31A5CD69-5CAB-406A-9C95-5A22B0787DF9}.Debug|Any CPU.ActiveCfg = Debug|Any CPU
		{31A5CD69-5CAB-406A-9C95-5A22B0787DF9}.Debug|Any CPU.Build.0 = Debug|Any CPU
		{31A5CD69-5CAB-406A-9C95-5A22B0787DF9}.Debug|Mixed Platforms.ActiveCfg = Debug|Any CPU
		{31A5CD69-5CAB-406A-9C95-5A22B0787DF9}.Debug|Mixed Platforms.Build.0 = Debug|Any CPU
		{31A5CD69-5CAB-406A-9C95-5A22B0787DF9}.Debug|x86.ActiveCfg = Debug|Any CPU
		{31A5CD69-5CAB-406A-9C95-5A22B0787DF9}.Release|Any CPU.ActiveCfg = Release|Any CPU
		{31A5CD69-5CAB-406A-9C95-5A22B0787DF9}.Release|Any CPU.Build.0 = Release|Any CPU
		{31A5CD69-5CAB-406A-9C95-5A22B0787DF9}.Release|Mixed Platforms.ActiveCfg = Release|Any CPU
		{31A5CD69-5CAB-406A-9C95-5A22B0787DF9}.Release|Mixed Platforms.Build.0 = Release|Any CPU
		{31A5CD69-5CAB-406A-9C95-5A22B0787DF9}.Release|x86.ActiveCfg = Release|Any CPU
		{6A59F3B8-E4CE-4F28-A4E5-E9A764F48672}.Debug|Any CPU.ActiveCfg = Debug|Any CPU
		{6A59F3B8-E4CE-4F28-A4E5-E9A764F48672}.Debug|Any CPU.Build.0 = Debug|Any CPU
		{6A59F3B8-E4CE-4F28-A4E5-E9A764F48672}.Debug|Mixed Platforms.ActiveCfg = Debug|Any CPU
		{6A59F3B8-E4CE-4F28-A4E5-E9A764F48672}.Debug|Mixed Platforms.Build.0 = Debug|Any CPU
		{6A59F3B8-E4CE-4F28-A4E5-E9A764F48672}.Debug|x86.ActiveCfg = Debug|Any CPU
		{6A59F3B8-E4CE-4F28-A4E5-E9A764F48672}.Release|Any CPU.ActiveCfg = Release|Any CPU
		{6A59F3B8-E4CE-4F28-A4E5-E9A764F48672}.Release|Any CPU.Build.0 = Release|Any CPU
		{6A59F3B8-E4CE-4F28-A4E5-E9A764F48672}.Release|Mixed Platforms.ActiveCfg = Release|Any CPU
		{6A59F3B8-E4CE-4F28-A4E5-E9A764F48672}.Release|Mixed Platforms.Build.0 = Release|Any CPU
		{6A59F3B8-E4CE-4F28-A4E5-E9A764F48672}.Release|x86.ActiveCfg = Release|Any CPU
		{981757BE-8D06-49FB-A5D1-6056D70BA9A6}.Debug|Any CPU.ActiveCfg = Debug|Any CPU
		{981757BE-8D06-49FB-A5D1-6056D70BA9A6}.Debug|Any CPU.Build.0 = Debug|Any CPU
		{981757BE-8D06-49FB-A5D1-6056D70BA9A6}.Debug|Mixed Platforms.ActiveCfg = Debug|Any CPU
		{981757BE-8D06-49FB-A5D1-6056D70BA9A6}.Debug|Mixed Platforms.Build.0 = Debug|Any CPU
		{981757BE-8D06-49FB-A5D1-6056D70BA9A6}.Debug|x86.ActiveCfg = Debug|Any CPU
		{981757BE-8D06-49FB-A5D1-6056D70BA9A6}.Release|Any CPU.ActiveCfg = Release|Any CPU
		{981757BE-8D06-49FB-A5D1-6056D70BA9A6}.Release|Any CPU.Build.0 = Release|Any CPU
		{981757BE-8D06-49FB-A5D1-6056D70BA9A6}.Release|Mixed Platforms.ActiveCfg = Release|Any CPU
		{981757BE-8D06-49FB-A5D1-6056D70BA9A6}.Release|Mixed Platforms.Build.0 = Release|Any CPU
		{981757BE-8D06-49FB-A5D1-6056D70BA9A6}.Release|x86.ActiveCfg = Release|Any CPU
		{0A4C84ED-E1B9-4912-96A2-EE48B14C2E41}.Debug|Any CPU.ActiveCfg = Debug|Any CPU
		{0A4C84ED-E1B9-4912-96A2-EE48B14C2E41}.Debug|Any CPU.Build.0 = Debug|Any CPU
		{0A4C84ED-E1B9-4912-96A2-EE48B14C2E41}.Debug|Mixed Platforms.ActiveCfg = Debug|Any CPU
		{0A4C84ED-E1B9-4912-96A2-EE48B14C2E41}.Debug|Mixed Platforms.Build.0 = Debug|Any CPU
		{0A4C84ED-E1B9-4912-96A2-EE48B14C2E41}.Debug|x86.ActiveCfg = Debug|Any CPU
		{0A4C84ED-E1B9-4912-96A2-EE48B14C2E41}.Release|Any CPU.ActiveCfg = Release|Any CPU
		{0A4C84ED-E1B9-4912-96A2-EE48B14C2E41}.Release|Any CPU.Build.0 = Release|Any CPU
		{0A4C84ED-E1B9-4912-96A2-EE48B14C2E41}.Release|Mixed Platforms.ActiveCfg = Release|Any CPU
		{0A4C84ED-E1B9-4912-96A2-EE48B14C2E41}.Release|Mixed Platforms.Build.0 = Release|Any CPU
		{0A4C84ED-E1B9-4912-96A2-EE48B14C2E41}.Release|x86.ActiveCfg = Release|Any CPU
	EndGlobalSection
	GlobalSection(SolutionProperties) = preSolution
		HideSolutionNode = FALSE
	EndGlobalSection
EndGlobal
