
Microsoft Visual Studio Solution File, Format Version 11.00
# Visual Studio 2010
Project("{FAE04EC0-301F-11D3-BF4B-00C04F79EFBC}") = "MYLog", "MYLog.csproj", "{6A59F3B8-E4CE-4F28-A4E5-E9A764F48672}"
EndProject
Global
	GlobalSection(SolutionConfigurationPlatforms) = preSolution
		Debug|Any CPU = Debug|Any CPU
		Release|Any CPU = Release|Any CPU
	EndGlobalSection
	GlobalSection(ProjectConfigurationPlatforms) = postSolution
		{6A59F3B8-E4CE-4F28-A4E5-E9A764F48672}.Debug|Any CPU.ActiveCfg = Debug|Any CPU
		{6A59F3B8-E4CE-4F28-A4E5-E9A764F48672}.Debug|Any CPU.Build.0 = Debug|Any CPU
		{6A59F3B8-E4CE-4F28-A4E5-E9A764F48672}.Release|Any CPU.ActiveCfg = Release|Any CPU
		{6A59F3B8-E4CE-4F28-A4E5-E9A764F48672}.Release|Any CPU.Build.0 = Release|Any CPU
	EndGlobalSection
	GlobalSection(SolutionProperties) = preSolution
		HideSolutionNode = FALSE
	EndGlobalSection
EndGlobal
